// !$*UTF8*$!
{
	archiveVersion = 1;
	classes = {
	};
	objectVersion = 46;
	objects = {

/* Begin PBXBuildFile section */
		BC3620B41566311700B8F14E /* BMSocialShare.framework in Frameworks */ = {isa = PBXBuildFile; fileRef = BC3620B31566311700B8F14E /* BMSocialShare.framework */; };
		BC3620B51566320B00B8F14E /* BMViewController.xib in Resources */ = {isa = PBXBuildFile; fileRef = BC8712E8146575F7007DF497 /* BMViewController.xib */; };
		BC3620B61566322C00B8F14E /* Icon-Small-50.png in Resources */ = {isa = PBXBuildFile; fileRef = BC2AD27F156111ED00CF82F8 /* Icon-Small-50.png */; };
		BC3620B71566322C00B8F14E /* Icon-Small.png in Resources */ = {isa = PBXBuildFile; fileRef = BC2AD280156111ED00CF82F8 /* Icon-Small.png */; };
		BC3620B81566322C00B8F14E /* Icon-Small@2x.png in Resources */ = {isa = PBXBuildFile; fileRef = BC2AD281156111ED00CF82F8 /* Icon-Small@2x.png */; };
		BC3620B91566322C00B8F14E /* iTunesArtwork in Resources */ = {isa = PBXBuildFile; fileRef = BC2AD284156111ED00CF82F8 /* iTunesArtwork */; };
		BC3620BA1566323000B8F14E /* background.png in Resources */ = {isa = PBXBuildFile; fileRef = BCC5E4E51466D7FC00AC08F5 /* background.png */; };
		BC3620BB1566323000B8F14E /* background@2x.png in Resources */ = {isa = PBXBuildFile; fileRef = BCC5E4E61466D7FC00AC08F5 /* background@2x.png */; };
		BC3620BC1566323000B8F14E /* background~ipad.png in Resources */ = {isa = PBXBuildFile; fileRef = BCC5E4E71466D7FC00AC08F5 /* background~ipad.png */; };
		BC3620BD1566323000B8F14E /* button_email.png in Resources */ = {isa = PBXBuildFile; fileRef = BC9D20551466C64700FBC05D /* button_email.png */; };
		BC3620BE1566323000B8F14E /* button_email@2x.png in Resources */ = {isa = PBXBuildFile; fileRef = BC9D205C1466C7A300FBC05D /* button_email@2x.png */; };
		BC3620BF1566323000B8F14E /* button_facebook.png in Resources */ = {isa = PBXBuildFile; fileRef = BC9D20561466C64700FBC05D /* button_facebook.png */; };
		BC3620C01566323000B8F14E /* button_facebook@2x.png in Resources */ = {isa = PBXBuildFile; fileRef = BC9D205D1466C7A300FBC05D /* button_facebook@2x.png */; };
		BC3620C11566323000B8F14E /* button_twitter.png in Resources */ = {isa = PBXBuildFile; fileRef = BC9D20571466C64700FBC05D /* button_twitter.png */; };
		BC3620C21566323000B8F14E /* button_twitter@2x.png in Resources */ = {isa = PBXBuildFile; fileRef = BC9D205E1466C7A400FBC05D /* button_twitter@2x.png */; };
		BC3620C31566323000B8F14E /* blockhaus.png in Resources */ = {isa = PBXBuildFile; fileRef = BC9D205B1466C7A300FBC05D /* blockhaus.png */; };
		BC3C1002156593EF00E8C5E5 /* BMAppDelegate.m in Sources */ = {isa = PBXBuildFile; fileRef = BC8712E3146575F7007DF497 /* BMAppDelegate.m */; };
		BC3C1003156593EF00E8C5E5 /* BMViewController.m in Sources */ = {isa = PBXBuildFile; fileRef = BC8712E6146575F7007DF497 /* BMViewController.m */; };
		BC3C1004156593EF00E8C5E5 /* main.m in Sources */ = {isa = PBXBuildFile; fileRef = BC8712DF146575F7007DF497 /* main.m */; };
		BC3C10101565952600E8C5E5 /* Icon.png in Resources */ = {isa = PBXBuildFile; fileRef = BC2AD282156111ED00CF82F8 /* Icon.png */; };
		BC3C10111565952900E8C5E5 /* Icon@2x.png in Resources */ = {isa = PBXBuildFile; fileRef = BC2AD283156111ED00CF82F8 /* Icon@2x.png */; };
		BC3C10141565953B00E8C5E5 /* Icon-72.png in Resources */ = {isa = PBXBuildFile; fileRef = BC2AD27E156111ED00CF82F8 /* Icon-72.png */; };
		BC3C10161565957700E8C5E5 /* Default.png in Resources */ = {isa = PBXBuildFile; fileRef = BC2AD27C156111ED00CF82F8 /* Default.png */; };
		BC3C10171565957900E8C5E5 /* Default@2x.png in Resources */ = {isa = PBXBuildFile; fileRef = BC2AD27D156111ED00CF82F8 /* Default@2x.png */; };
		BC3C10181565958000E8C5E5 /* Default-Portrait~ipad.png in Resources */ = {isa = PBXBuildFile; fileRef = BC2AD28F156113CA00CF82F8 /* Default-Portrait~ipad.png */; };
		BCC23B701565816100593A40 /* UIKit.framework in Frameworks */ = {isa = PBXBuildFile; fileRef = BC8712D3146575F7007DF497 /* UIKit.framework */; };
		BCC23B711565816100593A40 /* Foundation.framework in Frameworks */ = {isa = PBXBuildFile; fileRef = BC8712D5146575F7007DF497 /* Foundation.framework */; };
		BCC23B721565816100593A40 /* CoreGraphics.framework in Frameworks */ = {isa = PBXBuildFile; fileRef = BC8712D7146575F7007DF497 /* CoreGraphics.framework */; };
		BCC23B8B1565817E00593A40 /* Twitter.framework in Frameworks */ = {isa = PBXBuildFile; fileRef = BC8712F314657698007DF497 /* Twitter.framework */; };
		BCC23B8C1565817E00593A40 /* MessageUI.framework in Frameworks */ = {isa = PBXBuildFile; fileRef = BC8713031465DFAB007DF497 /* MessageUI.framework */; };
/* End PBXBuildFile section */

/* Begin PBXFileReference section */
		BC2AD2781561112000CF82F8 /* Icon.png */ = {isa = PBXFileReference; lastKnownFileType = image.png; path = Icon.png; sourceTree = "<group>"; };
		BC2AD27A1561112200CF82F8 /* Icon@2x.png */ = {isa = PBXFileReference; lastKnownFileType = image.png; path = "Icon@2x.png"; sourceTree = "<group>"; };
		BC2AD27C156111ED00CF82F8 /* Default.png */ = {isa = PBXFileReference; lastKnownFileType = image.png; path = Default.png; sourceTree = "<group>"; };
		BC2AD27D156111ED00CF82F8 /* Default@2x.png */ = {isa = PBXFileReference; lastKnownFileType = image.png; path = "Default@2x.png"; sourceTree = "<group>"; };
		BC2AD27E156111ED00CF82F8 /* Icon-72.png */ = {isa = PBXFileReference; lastKnownFileType = image.png; path = "Icon-72.png"; sourceTree = "<group>"; };
		BC2AD27F156111ED00CF82F8 /* Icon-Small-50.png */ = {isa = PBXFileReference; lastKnownFileType = image.png; path = "Icon-Small-50.png"; sourceTree = "<group>"; };
		BC2AD280156111ED00CF82F8 /* Icon-Small.png */ = {isa = PBXFileReference; lastKnownFileType = image.png; path = "Icon-Small.png"; sourceTree = "<group>"; };
		BC2AD281156111ED00CF82F8 /* Icon-Small@2x.png */ = {isa = PBXFileReference; lastKnownFileType = image.png; path = "Icon-Small@2x.png"; sourceTree = "<group>"; };
		BC2AD282156111ED00CF82F8 /* Icon.png */ = {isa = PBXFileReference; lastKnownFileType = image.png; path = Icon.png; sourceTree = "<group>"; };
		BC2AD283156111ED00CF82F8 /* Icon@2x.png */ = {isa = PBXFileReference; lastKnownFileType = image.png; path = "Icon@2x.png"; sourceTree = "<group>"; };
		BC2AD284156111ED00CF82F8 /* iTunesArtwork */ = {isa = PBXFileReference; lastKnownFileType = file; path = iTunesArtwork; sourceTree = "<group>"; };
		BC2AD28F156113CA00CF82F8 /* Default-Portrait~ipad.png */ = {isa = PBXFileReference; lastKnownFileType = image.png; path = "Default-Portrait~ipad.png"; sourceTree = "<group>"; };
		BC3620B31566311700B8F14E /* BMSocialShare.framework */ = {isa = PBXFileReference; lastKnownFileType = wrapper.framework; name = BMSocialShare.framework; path = ../../iOS/Binary/BMSocialShare.framework; sourceTree = "<group>"; };
		BC8712D3146575F7007DF497 /* UIKit.framework */ = {isa = PBXFileReference; lastKnownFileType = wrapper.framework; name = UIKit.framework; path = System/Library/Frameworks/UIKit.framework; sourceTree = SDKROOT; };
		BC8712D5146575F7007DF497 /* Foundation.framework */ = {isa = PBXFileReference; lastKnownFileType = wrapper.framework; name = Foundation.framework; path = System/Library/Frameworks/Foundation.framework; sourceTree = SDKROOT; };
		BC8712D7146575F7007DF497 /* CoreGraphics.framework */ = {isa = PBXFileReference; lastKnownFileType = wrapper.framework; name = CoreGraphics.framework; path = System/Library/Frameworks/CoreGraphics.framework; sourceTree = SDKROOT; };
		BC8712DB146575F7007DF497 /* ShareExample-Info.plist */ = {isa = PBXFileReference; lastKnownFileType = text.plist.xml; path = "ShareExample-Info.plist"; sourceTree = "<group>"; };
		BC8712DF146575F7007DF497 /* main.m */ = {isa = PBXFileReference; lastKnownFileType = sourcecode.c.objc; path = main.m; sourceTree = "<group>"; };
		BC8712E1146575F7007DF497 /* ShareExample-Prefix.pch */ = {isa = PBXFileReference; lastKnownFileType = sourcecode.c.h; path = "ShareExample-Prefix.pch"; sourceTree = "<group>"; };
		BC8712E2146575F7007DF497 /* BMAppDelegate.h */ = {isa = PBXFileReference; lastKnownFileType = sourcecode.c.h; path = BMAppDelegate.h; sourceTree = "<group>"; };
		BC8712E3146575F7007DF497 /* BMAppDelegate.m */ = {isa = PBXFileReference; lastKnownFileType = sourcecode.c.objc; path = BMAppDelegate.m; sourceTree = "<group>"; };
		BC8712E5146575F7007DF497 /* BMViewController.h */ = {isa = PBXFileReference; lastKnownFileType = sourcecode.c.h; path = BMViewController.h; sourceTree = "<group>"; };
		BC8712E6146575F7007DF497 /* BMViewController.m */ = {isa = PBXFileReference; lastKnownFileType = sourcecode.c.objc; path = BMViewController.m; sourceTree = "<group>"; };
		BC8712E9146575F7007DF497 /* en */ = {isa = PBXFileReference; lastKnownFileType = file.xib; name = en; path = en.lproj/BMViewController.xib; sourceTree = "<group>"; };
		BC8712F314657698007DF497 /* Twitter.framework */ = {isa = PBXFileReference; lastKnownFileType = wrapper.framework; name = Twitter.framework; path = System/Library/Frameworks/Twitter.framework; sourceTree = SDKROOT; };
		BC8713031465DFAB007DF497 /* MessageUI.framework */ = {isa = PBXFileReference; lastKnownFileType = wrapper.framework; name = MessageUI.framework; path = System/Library/Frameworks/MessageUI.framework; sourceTree = SDKROOT; };
		BC9D20551466C64700FBC05D /* button_email.png */ = {isa = PBXFileReference; lastKnownFileType = image.png; path = button_email.png; sourceTree = "<group>"; };
		BC9D20561466C64700FBC05D /* button_facebook.png */ = {isa = PBXFileReference; lastKnownFileType = image.png; path = button_facebook.png; sourceTree = "<group>"; };
		BC9D20571466C64700FBC05D /* button_twitter.png */ = {isa = PBXFileReference; lastKnownFileType = image.png; path = button_twitter.png; sourceTree = "<group>"; };
		BC9D205B1466C7A300FBC05D /* blockhaus.png */ = {isa = PBXFileReference; lastKnownFileType = image.png; path = blockhaus.png; sourceTree = "<group>"; };
		BC9D205C1466C7A300FBC05D /* button_email@2x.png */ = {isa = PBXFileReference; lastKnownFileType = image.png; path = "button_email@2x.png"; sourceTree = "<group>"; };
		BC9D205D1466C7A300FBC05D /* button_facebook@2x.png */ = {isa = PBXFileReference; lastKnownFileType = image.png; path = "button_facebook@2x.png"; sourceTree = "<group>"; };
		BC9D205E1466C7A400FBC05D /* button_twitter@2x.png */ = {isa = PBXFileReference; lastKnownFileType = image.png; path = "button_twitter@2x.png"; sourceTree = "<group>"; };
		BCC23B6E1565816100593A40 /* ShareExample.app */ = {isa = PBXFileReference; explicitFileType = wrapper.application; includeInIndex = 0; path = ShareExample.app; sourceTree = BUILT_PRODUCTS_DIR; };
		BCC5E4E51466D7FC00AC08F5 /* background.png */ = {isa = PBXFileReference; lastKnownFileType = image.png; path = background.png; sourceTree = "<group>"; };
		BCC5E4E61466D7FC00AC08F5 /* background@2x.png */ = {isa = PBXFileReference; lastKnownFileType = image.png; path = "background@2x.png"; sourceTree = "<group>"; };
		BCC5E4E71466D7FC00AC08F5 /* background~ipad.png */ = {isa = PBXFileReference; lastKnownFileType = image.png; path = "background~ipad.png"; sourceTree = "<group>"; };
/* End PBXFileReference section */

/* Begin PBXFrameworksBuildPhase section */
		BCC23B6B1565816100593A40 /* Frameworks */ = {
			isa = PBXFrameworksBuildPhase;
			buildActionMask = 2147483647;
			files = (
				BCC23B8B1565817E00593A40 /* Twitter.framework in Frameworks */,
				BCC23B8C1565817E00593A40 /* MessageUI.framework in Frameworks */,
				BCC23B701565816100593A40 /* UIKit.framework in Frameworks */,
				BCC23B711565816100593A40 /* Foundation.framework in Frameworks */,
				BCC23B721565816100593A40 /* CoreGraphics.framework in Frameworks */,
				BC3620B41566311700B8F14E /* BMSocialShare.framework in Frameworks */,
			);
			runOnlyForDeploymentPostprocessing = 0;
		};
/* End PBXFrameworksBuildPhase section */

/* Begin PBXGroup section */
		BC2AD28E1561121600CF82F8 /* App Graphics */ = {
			isa = PBXGroup;
			children = (
				BC2AD28F156113CA00CF82F8 /* Default-Portrait~ipad.png */,
				BC2AD27C156111ED00CF82F8 /* Default.png */,
				BC2AD27D156111ED00CF82F8 /* Default@2x.png */,
				BC2AD27E156111ED00CF82F8 /* Icon-72.png */,
				BC2AD27F156111ED00CF82F8 /* Icon-Small-50.png */,
				BC2AD280156111ED00CF82F8 /* Icon-Small.png */,
				BC2AD281156111ED00CF82F8 /* Icon-Small@2x.png */,
				BC2AD282156111ED00CF82F8 /* Icon.png */,
				BC2AD283156111ED00CF82F8 /* Icon@2x.png */,
				BC2AD284156111ED00CF82F8 /* iTunesArtwork */,
				BC2AD27A1561112200CF82F8 /* Icon@2x.png */,
				BC2AD2781561112000CF82F8 /* Icon.png */,
			);
			name = "App Graphics";
			path = ..;
			sourceTree = "<group>";
		};
		BC8712C4146575F7007DF497 = {
			isa = PBXGroup;
			children = (
				BC8712D9146575F7007DF497 /* ShareExample */,
				BC8712D2146575F7007DF497 /* Frameworks */,
				BC8712D0146575F7007DF497 /* Products */,
			);
			sourceTree = "<group>";
		};
		BC8712D0146575F7007DF497 /* Products */ = {
			isa = PBXGroup;
			children = (
				BCC23B6E1565816100593A40 /* ShareExample.app */,
			);
			name = Products;
			sourceTree = "<group>";
		};
		BC8712D2146575F7007DF497 /* Frameworks */ = {
			isa = PBXGroup;
			children = (
				BC3620B31566311700B8F14E /* BMSocialShare.framework */,
				BC8712F314657698007DF497 /* Twitter.framework */,
				BC8713031465DFAB007DF497 /* MessageUI.framework */,
				BC8712D3146575F7007DF497 /* UIKit.framework */,
				BC8712D5146575F7007DF497 /* Foundation.framework */,
				BC8712D7146575F7007DF497 /* CoreGraphics.framework */,
			);
			name = Frameworks;
			sourceTree = "<group>";
		};
		BC8712D9146575F7007DF497 /* ShareExample */ = {
			isa = PBXGroup;
			children = (
				BC2AD28E1561121600CF82F8 /* App Graphics */,
				BC9D20501466C4D800FBC05D /* Graphics */,
				BC8712E2146575F7007DF497 /* BMAppDelegate.h */,
				BC8712E3146575F7007DF497 /* BMAppDelegate.m */,
				BC8712E5146575F7007DF497 /* BMViewController.h */,
				BC8712E6146575F7007DF497 /* BMViewController.m */,
				BC8712E8146575F7007DF497 /* BMViewController.xib */,
				BC8712DA146575F7007DF497 /* Supporting Files */,
			);
			path = ShareExample;
			sourceTree = "<group>";
		};
		BC8712DA146575F7007DF497 /* Supporting Files */ = {
			isa = PBXGroup;
			children = (
				BC8712DB146575F7007DF497 /* ShareExample-Info.plist */,
				BC8712DF146575F7007DF497 /* main.m */,
				BC8712E1146575F7007DF497 /* ShareExample-Prefix.pch */,
			);
			name = "Supporting Files";
			sourceTree = "<group>";
		};
		BC9D20501466C4D800FBC05D /* Graphics */ = {
			isa = PBXGroup;
			children = (
				BCC5E4E51466D7FC00AC08F5 /* background.png */,
				BCC5E4E61466D7FC00AC08F5 /* background@2x.png */,
				BCC5E4E71466D7FC00AC08F5 /* background~ipad.png */,
				BC9D20551466C64700FBC05D /* button_email.png */,
				BC9D205C1466C7A300FBC05D /* button_email@2x.png */,
				BC9D20561466C64700FBC05D /* button_facebook.png */,
				BC9D205D1466C7A300FBC05D /* button_facebook@2x.png */,
				BC9D20571466C64700FBC05D /* button_twitter.png */,
				BC9D205E1466C7A400FBC05D /* button_twitter@2x.png */,
				BC9D205B1466C7A300FBC05D /* blockhaus.png */,
			);
			path = Graphics;
			sourceTree = "<group>";
		};
/* End PBXGroup section */

/* Begin PBXNativeTarget section */
		BCC23B6D1565816100593A40 /* ShareExample */ = {
			isa = PBXNativeTarget;
			buildConfigurationList = BCC23B881565816100593A40 /* Build configuration list for PBXNativeTarget "ShareExample" */;
			buildPhases = (
				BCC23B6A1565816100593A40 /* Sources */,
				BCC23B6B1565816100593A40 /* Frameworks */,
				BCC23B6C1565816100593A40 /* Resources */,
			);
			buildRules = (
			);
			dependencies = (
			);
			name = ShareExample;
			productName = ShareExample;
			productReference = BCC23B6E1565816100593A40 /* ShareExample.app */;
			productType = "com.apple.product-type.application";
		};
/* End PBXNativeTarget section */

/* Begin PBXProject section */
		BC8712C6146575F7007DF497 /* Project object */ = {
			isa = PBXProject;
			attributes = {
				LastUpgradeCheck = 0440;
				ORGANIZATIONNAME = "Blockhaus Medienagentur";
			};
			buildConfigurationList = BC8712C9146575F7007DF497 /* Build configuration list for PBXProject "ShareExampleFramework" */;
			compatibilityVersion = "Xcode 3.2";
			developmentRegion = English;
			hasScannedForEncodings = 0;
			knownRegions = (
				en,
			);
			mainGroup = BC8712C4146575F7007DF497;
			productRefGroup = BC8712D0146575F7007DF497 /* Products */;
			projectDirPath = "";
			projectRoot = "";
			targets = (
				BCC23B6D1565816100593A40 /* ShareExample */,
			);
		};
/* End PBXProject section */

/* Begin PBXResourcesBuildPhase section */
		BCC23B6C1565816100593A40 /* Resources */ = {
			isa = PBXResourcesBuildPhase;
			buildActionMask = 2147483647;
			files = (
				BC3620BA1566323000B8F14E /* background.png in Resources */,
				BC3620BB1566323000B8F14E /* background@2x.png in Resources */,
				BC3620BC1566323000B8F14E /* background~ipad.png in Resources */,
				BC3620BD1566323000B8F14E /* button_email.png in Resources */,
				BC3620BE1566323000B8F14E /* button_email@2x.png in Resources */,
				BC3620BF1566323000B8F14E /* button_facebook.png in Resources */,
				BC3620C01566323000B8F14E /* button_facebook@2x.png in Resources */,
				BC3620C11566323000B8F14E /* button_twitter.png in Resources */,
				BC3620C21566323000B8F14E /* button_twitter@2x.png in Resources */,
				BC3620C31566323000B8F14E /* blockhaus.png in Resources */,
				BC3620B61566322C00B8F14E /* Icon-Small-50.png in Resources */,
				BC3620B71566322C00B8F14E /* Icon-Small.png in Resources */,
				BC3620B81566322C00B8F14E /* Icon-Small@2x.png in Resources */,
				BC3620B91566322C00B8F14E /* iTunesArtwork in Resources */,
				BC3C10111565952900E8C5E5 /* Icon@2x.png in Resources */,
				BC3C10101565952600E8C5E5 /* Icon.png in Resources */,
				BC3C10141565953B00E8C5E5 /* Icon-72.png in Resources */,
				BC3C10161565957700E8C5E5 /* Default.png in Resources */,
				BC3C10171565957900E8C5E5 /* Default@2x.png in Resources */,
				BC3C10181565958000E8C5E5 /* Default-Portrait~ipad.png in Resources */,
				BC3620B51566320B00B8F14E /* BMViewController.xib in Resources */,
			);
			runOnlyForDeploymentPostprocessing = 0;
		};
/* End PBXResourcesBuildPhase section */

/* Begin PBXSourcesBuildPhase section */
		BCC23B6A1565816100593A40 /* Sources */ = {
			isa = PBXSourcesBuildPhase;
			buildActionMask = 2147483647;
			files = (
				BC3C1002156593EF00E8C5E5 /* BMAppDelegate.m in Sources */,
				BC3C1003156593EF00E8C5E5 /* BMViewController.m in Sources */,
				BC3C1004156593EF00E8C5E5 /* main.m in Sources */,
			);
			runOnlyForDeploymentPostprocessing = 0;
		};
/* End PBXSourcesBuildPhase section */

/* Begin PBXVariantGroup section */
		BC8712E8146575F7007DF497 /* BMViewController.xib */ = {
			isa = PBXVariantGroup;
			children = (
				BC8712E9146575F7007DF497 /* en */,
			);
			name = BMViewController.xib;
			sourceTree = "<group>";
		};
/* End PBXVariantGroup section */

/* Begin XCBuildConfiguration section */
		BC8712EE146575F7007DF497 /* Debug */ = {
			isa = XCBuildConfiguration;
			buildSettings = {
				ARCHS = "$(ARCHS_STANDARD_32_BIT)";
				"CODE_SIGN_IDENTITY[sdk=iphoneos*]" = "iPhone Developer";
				COPY_PHASE_STRIP = NO;
				GCC_C_LANGUAGE_STANDARD = gnu99;
				GCC_DYNAMIC_NO_PIC = NO;
				GCC_OPTIMIZATION_LEVEL = 0;
				GCC_PREPROCESSOR_DEFINITIONS = (
					"DEBUG=1",
					"$(inherited)",
				);
				GCC_SYMBOLS_PRIVATE_EXTERN = NO;
				GCC_VERSION = com.apple.compilers.llvm.clang.1_0;
				GCC_WARN_ABOUT_MISSING_PROTOTYPES = YES;
				GCC_WARN_ABOUT_RETURN_TYPE = YES;
				GCC_WARN_UNUSED_VARIABLE = YES;
				IPHONEOS_DEPLOYMENT_TARGET = 4.0;
				SDKROOT = iphoneos;
				TARGETED_DEVICE_FAMILY = "1,2";
			};
			name = Debug;
		};
		BC8712EF146575F7007DF497 /* Release */ = {
			isa = XCBuildConfiguration;
			buildSettings = {
				ARCHS = "$(ARCHS_STANDARD_32_BIT)";
				"CODE_SIGN_IDENTITY[sdk=iphoneos*]" = "iPhone Developer";
				COPY_PHASE_STRIP = YES;
				GCC_C_LANGUAGE_STANDARD = gnu99;
				GCC_VERSION = com.apple.compilers.llvm.clang.1_0;
				GCC_WARN_ABOUT_MISSING_PROTOTYPES = YES;
				GCC_WARN_ABOUT_RETURN_TYPE = YES;
				GCC_WARN_UNUSED_VARIABLE = YES;
				IPHONEOS_DEPLOYMENT_TARGET = 4.0;
				OTHER_CFLAGS = "-DNS_BLOCK_ASSERTIONS=1";
				SDKROOT = iphoneos;
				TARGETED_DEVICE_FAMILY = "1,2";
				VALIDATE_PRODUCT = YES;
			};
			name = Release;
		};
		BCC23B861565816100593A40 /* Debug */ = {
			isa = XCBuildConfiguration;
			buildSettings = {
				ALWAYS_SEARCH_USER_PATHS = NO;
				CLANG_WARN__DUPLICATE_METHOD_MATCH = YES;
				"CODE_SIGN_IDENTITY[sdk=iphoneos*]" = "iPhone Developer";
				FRAMEWORK_SEARCH_PATHS = (
					"$(inherited)",
					"\"$(SRCROOT)/../../iOS/Binary\"",
				);
				GCC_PRECOMPILE_PREFIX_HEADER = YES;
				GCC_PREFIX_HEADER = "ShareExample/ShareExample-Prefix.pch";
				GCC_WARN_UNINITIALIZED_AUTOS = YES;
				INFOPLIST_FILE = "ShareExample/ShareExample-Info.plist";
				IPHONEOS_DEPLOYMENT_TARGET = 4.0;
				PRODUCT_NAME = "$(TARGET_NAME)";
				WRAPPER_EXTENSION = app;
			};
			name = Debug;
		};
		BCC23B871565816100593A40 /* Release */ = {
			isa = XCBuildConfiguration;
			buildSettings = {
				ALWAYS_SEARCH_USER_PATHS = NO;
				CLANG_WARN__DUPLICATE_METHOD_MATCH = YES;
				"CODE_SIGN_IDENTITY[sdk=iphoneos*]" = "iPhone Developer";
				FRAMEWORK_SEARCH_PATHS = (
					"$(inherited)",
					"\"$(SRCROOT)/../../iOS/Binary\"",
				);
				GCC_PRECOMPILE_PREFIX_HEADER = YES;
				GCC_PREFIX_HEADER = "ShareExample/ShareExample-Prefix.pch";
				GCC_WARN_UNINITIALIZED_AUTOS = YES;
				INFOPLIST_FILE = "ShareExample/ShareExample-Info.plist";
				IPHONEOS_DEPLOYMENT_TARGET = 4.0;
				PRODUCT_NAME = "$(TARGET_NAME)";
				WRAPPER_EXTENSION = app;
			};
			name = Release;
		};
/* End XCBuildConfiguration section */

/* Begin XCConfigurationList section */
		BC8712C9146575F7007DF497 /* Build configuration list for PBXProject "ShareExampleFramework" */ = {
			isa = XCConfigurationList;
			buildConfigurations = (
				BC8712EE146575F7007DF497 /* Debug */,
				BC8712EF146575F7007DF497 /* Release */,
			);
			defaultConfigurationIsVisible = 0;
			defaultConfigurationName = Release;
		};
		BCC23B881565816100593A40 /* Build configuration list for PBXNativeTarget "ShareExample" */ = {
			isa = XCConfigurationList;
			buildConfigurations = (
				BCC23B861565816100593A40 /* Debug */,
				BCC23B871565816100593A40 /* Release */,
			);
			defaultConfigurationIsVisible = 0;
			defaultConfigurationName = Release;
		};
/* End XCConfigurationList section */
	};
	rootObject = BC8712C6146575F7007DF497 /* Project object */;
}
