// !$*UTF8*$!
{
	archiveVersion = 1;
	classes = {
	};
	objectVersion = 46;
	objects = {

/* Begin PBXBuildFile section */
		BC7F2E8114B86CD800DA9B6D /* UIKit.framework in Frameworks */ = {isa = PBXBuildFile; fileRef = BC7F2E8014B86CD800DA9B6D /* UIKit.framework */; };
		BC7F2EAB14B886E400DA9B6D /* BMDialog.m in Sources */ = {isa = PBXBuildFile; fileRef = BC7F2EA914B886E400DA9B6D /* BMDialog.m */; };
		BC7F2EAC14B886E400DA9B6D /* BMDialog.h in Headers */ = {isa = PBXBuildFile; fileRef = BC7F2EAA14B886E400DA9B6D /* BMDialog.h */; settings = {ATTRIBUTES = (Public, ); }; };
		BC7F2EB014B8877700DA9B6D /* Twitter.framework in Frameworks */ = {isa = PBXBuildFile; fileRef = BC7F2EAF14B8877700DA9B6D /* Twitter.framework */; };
		BC7F2EB214B8878500DA9B6D /* MessageUI.framework in Frameworks */ = {isa = PBXBuildFile; fileRef = BC7F2EB114B8878500DA9B6D /* MessageUI.framework */; };
		BC8712C114656E03007DF497 /* BMFacebookPost.h in Headers */ = {isa = PBXBuildFile; fileRef = BC8712BF14656E03007DF497 /* BMFacebookPost.h */; settings = {ATTRIBUTES = (Public, ); }; };
		BC8712C214656E03007DF497 /* BMFacebookPost.m in Sources */ = {isa = PBXBuildFile; fileRef = BC8712C014656E03007DF497 /* BMFacebookPost.m */; };
		BC8712F71465DF0F007DF497 /* JSON.h in Headers */ = {isa = PBXBuildFile; fileRef = BCD65080146428B200D10C93 /* JSON.h */; settings = {ATTRIBUTES = (Public, ); }; };
		BC8712F81465DF0F007DF497 /* NSObject+SBJSON.h in Headers */ = {isa = PBXBuildFile; fileRef = BCD65081146428B200D10C93 /* NSObject+SBJSON.h */; settings = {ATTRIBUTES = (Public, ); }; };
		BC8712F91465DF0F007DF497 /* NSString+SBJSON.h in Headers */ = {isa = PBXBuildFile; fileRef = BCD65083146428B200D10C93 /* NSString+SBJSON.h */; settings = {ATTRIBUTES = (Public, ); }; };
		BC8712FA1465DF0F007DF497 /* SBJSON.h in Headers */ = {isa = PBXBuildFile; fileRef = BCD65085146428B200D10C93 /* SBJSON.h */; settings = {ATTRIBUTES = (Public, ); }; };
		BC8712FB1465DF0F007DF497 /* SBJsonBase.h in Headers */ = {isa = PBXBuildFile; fileRef = BCD65087146428B200D10C93 /* SBJsonBase.h */; settings = {ATTRIBUTES = (Public, ); }; };
		BC8712FC1465DF0F007DF497 /* SBJsonParser.h in Headers */ = {isa = PBXBuildFile; fileRef = BCD65089146428B200D10C93 /* SBJsonParser.h */; settings = {ATTRIBUTES = (Public, ); }; };
		BC8712FD1465DF0F007DF497 /* SBJsonWriter.h in Headers */ = {isa = PBXBuildFile; fileRef = BCD6508B146428B200D10C93 /* SBJsonWriter.h */; settings = {ATTRIBUTES = (Public, ); }; };
		BC8712FE1465DF0F007DF497 /* Facebook.h in Headers */ = {isa = PBXBuildFile; fileRef = BCD65092146428B200D10C93 /* Facebook.h */; settings = {ATTRIBUTES = (Public, ); }; };
		BC8712FF1465DF0F007DF497 /* FBConnect.h in Headers */ = {isa = PBXBuildFile; fileRef = BCD65093146428B200D10C93 /* FBConnect.h */; settings = {ATTRIBUTES = (Public, ); }; };
		BC8713001465DF0F007DF497 /* FBDialog.h in Headers */ = {isa = PBXBuildFile; fileRef = BCD65094146428B200D10C93 /* FBDialog.h */; settings = {ATTRIBUTES = (Public, ); }; };
		BC8713011465DF0F007DF497 /* FBLoginDialog.h in Headers */ = {isa = PBXBuildFile; fileRef = BCD65095146428B200D10C93 /* FBLoginDialog.h */; settings = {ATTRIBUTES = (Public, ); }; };
		BC8713021465DF0F007DF497 /* FBRequest.h in Headers */ = {isa = PBXBuildFile; fileRef = BCD65096146428B200D10C93 /* FBRequest.h */; settings = {ATTRIBUTES = (Public, ); }; };
		BCD650711464271E00D10C93 /* BMSocialShare.m in Sources */ = {isa = PBXBuildFile; fileRef = BCD6506F1464271E00D10C93 /* BMSocialShare.m */; };
		BCD650721464271E00D10C93 /* BMSocialShare.h in Headers */ = {isa = PBXBuildFile; fileRef = BCD650701464271E00D10C93 /* BMSocialShare.h */; settings = {ATTRIBUTES = (Public, ); }; };
		BCD6509A146428B200D10C93 /* NSObject+SBJSON.m in Sources */ = {isa = PBXBuildFile; fileRef = BCD65082146428B200D10C93 /* NSObject+SBJSON.m */; };
		BCD6509C146428B200D10C93 /* NSString+SBJSON.m in Sources */ = {isa = PBXBuildFile; fileRef = BCD65084146428B200D10C93 /* NSString+SBJSON.m */; };
		BCD6509E146428B200D10C93 /* SBJSON.m in Sources */ = {isa = PBXBuildFile; fileRef = BCD65086146428B200D10C93 /* SBJSON.m */; };
		BCD650A0146428B200D10C93 /* SBJsonBase.m in Sources */ = {isa = PBXBuildFile; fileRef = BCD65088146428B200D10C93 /* SBJsonBase.m */; };
		BCD650A2146428B200D10C93 /* SBJsonParser.m in Sources */ = {isa = PBXBuildFile; fileRef = BCD6508A146428B200D10C93 /* SBJsonParser.m */; };
		BCD650A4146428B200D10C93 /* SBJsonWriter.m in Sources */ = {isa = PBXBuildFile; fileRef = BCD6508C146428B200D10C93 /* SBJsonWriter.m */; };
		BCD650A5146428B200D10C93 /* Facebook.m in Sources */ = {isa = PBXBuildFile; fileRef = BCD6508D146428B200D10C93 /* Facebook.m */; };
		BCD650A6146428B200D10C93 /* FBDialog.m in Sources */ = {isa = PBXBuildFile; fileRef = BCD6508E146428B200D10C93 /* FBDialog.m */; };
		BCD650A7146428B200D10C93 /* FBLoginDialog.m in Sources */ = {isa = PBXBuildFile; fileRef = BCD6508F146428B200D10C93 /* FBLoginDialog.m */; };
		BCD650A8146428B200D10C93 /* FBRequest.m in Sources */ = {isa = PBXBuildFile; fileRef = BCD65090146428B200D10C93 /* FBRequest.m */; };
		BCD650AF146428B200D10C93 /* FBDialog.bundle in Resources */ = {isa = PBXBuildFile; fileRef = BCD65097146428B200D10C93 /* FBDialog.bundle */; };
/* End PBXBuildFile section */

/* Begin PBXFileReference section */
		BC7F2E8014B86CD800DA9B6D /* UIKit.framework */ = {isa = PBXFileReference; lastKnownFileType = wrapper.framework; name = UIKit.framework; path = System/Library/Frameworks/UIKit.framework; sourceTree = SDKROOT; };
		BC7F2EA914B886E400DA9B6D /* BMDialog.m */ = {isa = PBXFileReference; fileEncoding = 4; lastKnownFileType = sourcecode.c.objc; path = BMDialog.m; sourceTree = "<group>"; };
		BC7F2EAA14B886E400DA9B6D /* BMDialog.h */ = {isa = PBXFileReference; fileEncoding = 4; lastKnownFileType = sourcecode.c.h; path = BMDialog.h; sourceTree = "<group>"; };
		BC7F2EAF14B8877700DA9B6D /* Twitter.framework */ = {isa = PBXFileReference; lastKnownFileType = wrapper.framework; name = Twitter.framework; path = System/Library/Frameworks/Twitter.framework; sourceTree = SDKROOT; };
		BC7F2EB114B8878500DA9B6D /* MessageUI.framework */ = {isa = PBXFileReference; lastKnownFileType = wrapper.framework; name = MessageUI.framework; path = System/Library/Frameworks/MessageUI.framework; sourceTree = SDKROOT; };
		BC8712BF14656E03007DF497 /* BMFacebookPost.h */ = {isa = PBXFileReference; fileEncoding = 4; lastKnownFileType = sourcecode.c.h; path = BMFacebookPost.h; sourceTree = "<group>"; };
		BC8712C014656E03007DF497 /* BMFacebookPost.m */ = {isa = PBXFileReference; fileEncoding = 4; lastKnownFileType = sourcecode.c.objc; path = BMFacebookPost.m; sourceTree = "<group>"; };
		BCD65061146426C800D10C93 /* BMSocialShare.framework */ = {isa = PBXFileReference; explicitFileType = wrapper.cfbundle; includeInIndex = 0; path = BMSocialShare.framework; sourceTree = BUILT_PRODUCTS_DIR; };
		BCD65065146426C800D10C93 /* BMSocialShare-Info.plist */ = {isa = PBXFileReference; lastKnownFileType = text.plist.xml; path = "BMSocialShare-Info.plist"; sourceTree = "<group>"; };
		BCD65069146426C800D10C93 /* BMSocialShare-Prefix.pch */ = {isa = PBXFileReference; lastKnownFileType = sourcecode.c.h; path = "BMSocialShare-Prefix.pch"; sourceTree = "<group>"; };
		BCD6506F1464271E00D10C93 /* BMSocialShare.m */ = {isa = PBXFileReference; fileEncoding = 4; lastKnownFileType = sourcecode.c.objc; path = BMSocialShare.m; sourceTree = "<group>"; };
		BCD650701464271E00D10C93 /* BMSocialShare.h */ = {isa = PBXFileReference; fileEncoding = 4; lastKnownFileType = sourcecode.c.h; path = BMSocialShare.h; sourceTree = "<group>"; };
		BCD65080146428B200D10C93 /* JSON.h */ = {isa = PBXFileReference; fileEncoding = 4; lastKnownFileType = sourcecode.c.h; path = JSON.h; sourceTree = "<group>"; };
		BCD65081146428B200D10C93 /* NSObject+SBJSON.h */ = {isa = PBXFileReference; fileEncoding = 4; lastKnownFileType = sourcecode.c.h; path = "NSObject+SBJSON.h"; sourceTree = "<group>"; };
		BCD65082146428B200D10C93 /* NSObject+SBJSON.m */ = {isa = PBXFileReference; fileEncoding = 4; lastKnownFileType = sourcecode.c.objc; path = "NSObject+SBJSON.m"; sourceTree = "<group>"; };
		BCD65083146428B200D10C93 /* NSString+SBJSON.h */ = {isa = PBXFileReference; fileEncoding = 4; lastKnownFileType = sourcecode.c.h; path = "NSString+SBJSON.h"; sourceTree = "<group>"; };
		BCD65084146428B200D10C93 /* NSString+SBJSON.m */ = {isa = PBXFileReference; fileEncoding = 4; lastKnownFileType = sourcecode.c.objc; path = "NSString+SBJSON.m"; sourceTree = "<group>"; };
		BCD65085146428B200D10C93 /* SBJSON.h */ = {isa = PBXFileReference; fileEncoding = 4; lastKnownFileType = sourcecode.c.h; path = SBJSON.h; sourceTree = "<group>"; };
		BCD65086146428B200D10C93 /* SBJSON.m */ = {isa = PBXFileReference; fileEncoding = 4; lastKnownFileType = sourcecode.c.objc; path = SBJSON.m; sourceTree = "<group>"; };
		BCD65087146428B200D10C93 /* SBJsonBase.h */ = {isa = PBXFileReference; fileEncoding = 4; lastKnownFileType = sourcecode.c.h; path = SBJsonBase.h; sourceTree = "<group>"; };
		BCD65088146428B200D10C93 /* SBJsonBase.m */ = {isa = PBXFileReference; fileEncoding = 4; lastKnownFileType = sourcecode.c.objc; path = SBJsonBase.m; sourceTree = "<group>"; };
		BCD65089146428B200D10C93 /* SBJsonParser.h */ = {isa = PBXFileReference; fileEncoding = 4; lastKnownFileType = sourcecode.c.h; path = SBJsonParser.h; sourceTree = "<group>"; };
		BCD6508A146428B200D10C93 /* SBJsonParser.m */ = {isa = PBXFileReference; fileEncoding = 4; lastKnownFileType = sourcecode.c.objc; path = SBJsonParser.m; sourceTree = "<group>"; };
		BCD6508B146428B200D10C93 /* SBJsonWriter.h */ = {isa = PBXFileReference; fileEncoding = 4; lastKnownFileType = sourcecode.c.h; path = SBJsonWriter.h; sourceTree = "<group>"; };
		BCD6508C146428B200D10C93 /* SBJsonWriter.m */ = {isa = PBXFileReference; fileEncoding = 4; lastKnownFileType = sourcecode.c.objc; path = SBJsonWriter.m; sourceTree = "<group>"; };
		BCD6508D146428B200D10C93 /* Facebook.m */ = {isa = PBXFileReference; fileEncoding = 4; lastKnownFileType = sourcecode.c.objc; name = Facebook.m; path = "../facebook-ios-sdk/src/Facebook.m"; sourceTree = "<group>"; };
		BCD6508E146428B200D10C93 /* FBDialog.m */ = {isa = PBXFileReference; fileEncoding = 4; lastKnownFileType = sourcecode.c.objc; name = FBDialog.m; path = "../facebook-ios-sdk/src/FBDialog.m"; sourceTree = "<group>"; };
		BCD6508F146428B200D10C93 /* FBLoginDialog.m */ = {isa = PBXFileReference; fileEncoding = 4; lastKnownFileType = sourcecode.c.objc; name = FBLoginDialog.m; path = "../facebook-ios-sdk/src/FBLoginDialog.m"; sourceTree = "<group>"; };
		BCD65090146428B200D10C93 /* FBRequest.m */ = {isa = PBXFileReference; fileEncoding = 4; lastKnownFileType = sourcecode.c.objc; name = FBRequest.m; path = "../facebook-ios-sdk/src/FBRequest.m"; sourceTree = "<group>"; };
		BCD65092146428B200D10C93 /* Facebook.h */ = {isa = PBXFileReference; fileEncoding = 4; lastKnownFileType = sourcecode.c.h; name = Facebook.h; path = "../facebook-ios-sdk/src/Facebook.h"; sourceTree = "<group>"; };
		BCD65093146428B200D10C93 /* FBConnect.h */ = {isa = PBXFileReference; fileEncoding = 4; lastKnownFileType = sourcecode.c.h; name = FBConnect.h; path = "../facebook-ios-sdk/src/FBConnect.h"; sourceTree = "<group>"; };
		BCD65094146428B200D10C93 /* FBDialog.h */ = {isa = PBXFileReference; fileEncoding = 4; lastKnownFileType = sourcecode.c.h; name = FBDialog.h; path = "../facebook-ios-sdk/src/FBDialog.h"; sourceTree = "<group>"; };
		BCD65095146428B200D10C93 /* FBLoginDialog.h */ = {isa = PBXFileReference; fileEncoding = 4; lastKnownFileType = sourcecode.c.h; name = FBLoginDialog.h; path = "../facebook-ios-sdk/src/FBLoginDialog.h"; sourceTree = "<group>"; };
		BCD65096146428B200D10C93 /* FBRequest.h */ = {isa = PBXFileReference; fileEncoding = 4; lastKnownFileType = sourcecode.c.h; name = FBRequest.h; path = "../facebook-ios-sdk/src/FBRequest.h"; sourceTree = "<group>"; };
		BCD65097146428B200D10C93 /* FBDialog.bundle */ = {isa = PBXFileReference; lastKnownFileType = "wrapper.plug-in"; name = FBDialog.bundle; path = "../facebook-ios-sdk/src/FBDialog.bundle"; sourceTree = "<group>"; };
/* End PBXFileReference section */

/* Begin PBXFrameworksBuildPhase section */
		BCD6505C146426C800D10C93 /* Frameworks */ = {
			isa = PBXFrameworksBuildPhase;
			buildActionMask = 2147483647;
			files = (
				BC7F2EB214B8878500DA9B6D /* MessageUI.framework in Frameworks */,
				BC7F2EB014B8877700DA9B6D /* Twitter.framework in Frameworks */,
				BC7F2E8114B86CD800DA9B6D /* UIKit.framework in Frameworks */,
			);
			runOnlyForDeploymentPostprocessing = 0;
		};
/* End PBXFrameworksBuildPhase section */

/* Begin PBXGroup section */
		BC7F2EAE14B8875800DA9B6D /* Frameworks */ = {
			isa = PBXGroup;
			children = (
				BC7F2EB114B8878500DA9B6D /* MessageUI.framework */,
				BC7F2EAF14B8877700DA9B6D /* Twitter.framework */,
				BC7F2E8014B86CD800DA9B6D /* UIKit.framework */,
			);
			name = Frameworks;
			sourceTree = "<group>";
		};
		BCD65053146426C700D10C93 = {
			isa = PBXGroup;
			children = (
				BCD6507E146428A200D10C93 /* Facebook */,
				BCD65063146426C800D10C93 /* BMSocialShare */,
				BCD65064146426C800D10C93 /* Supporting Files */,
				BC7F2EAE14B8875800DA9B6D /* Frameworks */,
				BCD65062146426C800D10C93 /* Products */,
			);
			sourceTree = "<group>";
		};
		BCD65062146426C800D10C93 /* Products */ = {
			isa = PBXGroup;
			children = (
				BCD65061146426C800D10C93 /* BMSocialShare.framework */,
			);
			name = Products;
			sourceTree = "<group>";
		};
		BCD65063146426C800D10C93 /* BMSocialShare */ = {
			isa = PBXGroup;
			children = (
				BC8712BF14656E03007DF497 /* BMFacebookPost.h */,
				BC8712C014656E03007DF497 /* BMFacebookPost.m */,
				BC7F2EA914B886E400DA9B6D /* BMDialog.m */,
				BC7F2EAA14B886E400DA9B6D /* BMDialog.h */,
				BCD650701464271E00D10C93 /* BMSocialShare.h */,
				BCD6506F1464271E00D10C93 /* BMSocialShare.m */,
			);
			path = BMSocialShare;
			sourceTree = "<group>";
		};
		BCD65064146426C800D10C93 /* Supporting Files */ = {
			isa = PBXGroup;
			children = (
				BCD65065146426C800D10C93 /* BMSocialShare-Info.plist */,
				BCD65069146426C800D10C93 /* BMSocialShare-Prefix.pch */,
			);
			name = "Supporting Files";
			path = BMSocialShare;
			sourceTree = "<group>";
		};
		BCD6507E146428A200D10C93 /* Facebook */ = {
			isa = PBXGroup;
			children = (
				BCD6507F146428B200D10C93 /* JSON */,
				BCD6508D146428B200D10C93 /* Facebook.m */,
				BCD6508E146428B200D10C93 /* FBDialog.m */,
				BCD6508F146428B200D10C93 /* FBLoginDialog.m */,
				BCD65090146428B200D10C93 /* FBRequest.m */,
				BCD65092146428B200D10C93 /* Facebook.h */,
				BCD65093146428B200D10C93 /* FBConnect.h */,
				BCD65094146428B200D10C93 /* FBDialog.h */,
				BCD65095146428B200D10C93 /* FBLoginDialog.h */,
				BCD65096146428B200D10C93 /* FBRequest.h */,
				BCD65097146428B200D10C93 /* FBDialog.bundle */,
			);
			name = Facebook;
			sourceTree = "<group>";
		};
		BCD6507F146428B200D10C93 /* JSON */ = {
			isa = PBXGroup;
			children = (
				BCD65080146428B200D10C93 /* JSON.h */,
				BCD65081146428B200D10C93 /* NSObject+SBJSON.h */,
				BCD65082146428B200D10C93 /* NSObject+SBJSON.m */,
				BCD65083146428B200D10C93 /* NSString+SBJSON.h */,
				BCD65084146428B200D10C93 /* NSString+SBJSON.m */,
				BCD65085146428B200D10C93 /* SBJSON.h */,
				BCD65086146428B200D10C93 /* SBJSON.m */,
				BCD65087146428B200D10C93 /* SBJsonBase.h */,
				BCD65088146428B200D10C93 /* SBJsonBase.m */,
				BCD65089146428B200D10C93 /* SBJsonParser.h */,
				BCD6508A146428B200D10C93 /* SBJsonParser.m */,
				BCD6508B146428B200D10C93 /* SBJsonWriter.h */,
				BCD6508C146428B200D10C93 /* SBJsonWriter.m */,
			);
			name = JSON;
			path = "../facebook-ios-sdk/src/JSON";
			sourceTree = "<group>";
		};
/* End PBXGroup section */

/* Begin PBXHeadersBuildPhase section */
		BCD6505D146426C800D10C93 /* Headers */ = {
			isa = PBXHeadersBuildPhase;
			buildActionMask = 2147483647;
			files = (
				BCD650721464271E00D10C93 /* BMSocialShare.h in Headers */,
				BC7F2EAC14B886E400DA9B6D /* BMDialog.h in Headers */,
				BC8712C114656E03007DF497 /* BMFacebookPost.h in Headers */,
				BC8712F71465DF0F007DF497 /* JSON.h in Headers */,
				BC8712F81465DF0F007DF497 /* NSObject+SBJSON.h in Headers */,
				BC8712F91465DF0F007DF497 /* NSString+SBJSON.h in Headers */,
				BC8712FA1465DF0F007DF497 /* SBJSON.h in Headers */,
				BC8712FB1465DF0F007DF497 /* SBJsonBase.h in Headers */,
				BC8712FC1465DF0F007DF497 /* SBJsonParser.h in Headers */,
				BC8712FD1465DF0F007DF497 /* SBJsonWriter.h in Headers */,
				BC8712FE1465DF0F007DF497 /* Facebook.h in Headers */,
				BC8712FF1465DF0F007DF497 /* FBConnect.h in Headers */,
				BC8713001465DF0F007DF497 /* FBDialog.h in Headers */,
				BC8713011465DF0F007DF497 /* FBLoginDialog.h in Headers */,
				BC8713021465DF0F007DF497 /* FBRequest.h in Headers */,
			);
			runOnlyForDeploymentPostprocessing = 0;
		};
/* End PBXHeadersBuildPhase section */

/* Begin PBXNativeTarget section */
		BCD65060146426C800D10C93 /* BMSocialShare */ = {
			isa = PBXNativeTarget;
			buildConfigurationList = BCD6506C146426C800D10C93 /* Build configuration list for PBXNativeTarget "BMSocialShare" */;
			buildPhases = (
				BCD6505A146426C800D10C93 /* ShellScript */,
				BCD6505B146426C800D10C93 /* Sources */,
				BCD6505C146426C800D10C93 /* Frameworks */,
				BCD6505D146426C800D10C93 /* Headers */,
				BCD6505E146426C800D10C93 /* Resources */,
				BCD6505F146426C800D10C93 /* ShellScript */,
			);
			buildRules = (
			);
			dependencies = (
			);
			name = BMSocialShare;
			productName = BMSocialShare;
			productReference = BCD65061146426C800D10C93 /* BMSocialShare.framework */;
			productType = "com.apple.product-type.bundle";
		};
/* End PBXNativeTarget section */

/* Begin PBXProject section */
		BCD65055146426C700D10C93 /* Project object */ = {
			isa = PBXProject;
			attributes = {
				LastUpgradeCheck = 0420;
				ORGANIZATIONNAME = "Blockhaus Medienagentur";
			};
			buildConfigurationList = BCD65058146426C700D10C93 /* Build configuration list for PBXProject "BMSocialShare" */;
			compatibilityVersion = "Xcode 3.2";
			developmentRegion = English;
			hasScannedForEncodings = 0;
			knownRegions = (
				en,
			);
			mainGroup = BCD65053146426C700D10C93;
			productRefGroup = BCD65062146426C800D10C93 /* Products */;
			projectDirPath = "";
			projectRoot = "";
			targets = (
				BCD65060146426C800D10C93 /* BMSocialShare */,
			);
		};
/* End PBXProject section */

/* Begin PBXResourcesBuildPhase section */
		BCD6505E146426C800D10C93 /* Resources */ = {
			isa = PBXResourcesBuildPhase;
			buildActionMask = 2147483647;
			files = (
				BCD650AF146428B200D10C93 /* FBDialog.bundle in Resources */,
			);
			runOnlyForDeploymentPostprocessing = 0;
		};
/* End PBXResourcesBuildPhase section */

/* Begin PBXShellScriptBuildPhase section */
		BCD6505A146426C800D10C93 /* ShellScript */ = {
			isa = PBXShellScriptBuildPhase;
			buildActionMask = 2147483647;
			files = (
			);
			inputPaths = (
			);
			outputPaths = (
			);
			runOnlyForDeploymentPostprocessing = 0;
			shellPath = /bin/sh;
			shellScript = "set -e\n\nset +u\nif [[ $UFW_MASTER_SCRIPT_RUNNING ]]\nthen\n    # Nothing for the slave script to do\n    exit 0\nfi\nset -u\n\nif [[ \"$SDK_NAME\" =~ ([A-Za-z]+) ]]\nthen\n    UFW_SDK_PLATFORM=${BASH_REMATCH[1]}\nelse\n    echo \"Could not find platform name from SDK_NAME: $SDK_NAME\"\n    exit 1\nfi\n\nif [[ \"$SDK_NAME\" =~ ([0-9]+.*$) ]]\nthen\n\tUFW_SDK_VERSION=${BASH_REMATCH[1]}\nelse\n    echo \"Could not find sdk version  from SDK_NAME: $SDK_NAME\"\n    exit 1\nfi\n\nif [[ \"$UFW_SDK_PLATFORM\" = \"iphoneos\" ]]\nthen\n    UFW_OTHER_PLATFORM=iphonesimulator\nelse\n    UFW_OTHER_PLATFORM=iphoneos\nfi\n\nif [[ \"$BUILT_PRODUCTS_DIR\" =~ (.*)$UFW_SDK_PLATFORM$ ]]\nthen\n    UFW_OTHER_BUILT_PRODUCTS_DIR=\"${BASH_REMATCH[1]}${UFW_OTHER_PLATFORM}\"\nelse\n    echo \"Could not find $UFW_SDK_PLATFORM in $BUILT_PRODUCTS_DIR\"\n    exit 1\nfi\n\n\n# Short-circuit if all binaries are up to date\n\nif [[ -f \"${BUILT_PRODUCTS_DIR}/${EXECUTABLE_PATH}\" ]] && \\\n   [[ -f \"${BUILT_PRODUCTS_DIR}/${PRODUCT_NAME}.embeddedframework/${EXECUTABLE_PATH}\" ]] && \\\n   [[ ! \"${BUILT_PRODUCTS_DIR}/${EXECUTABLE_PATH}\" -nt \"${BUILT_PRODUCTS_DIR}/${PRODUCT_NAME}.embeddedframework/${EXECUTABLE_PATH}\" ]]\n   [[ -f \"${UFW_OTHER_BUILT_PRODUCTS_DIR}/${EXECUTABLE_PATH}\" ]] && \\\n   [[ -f \"${UFW_OTHER_BUILT_PRODUCTS_DIR}/${PRODUCT_NAME}.embeddedframework/${EXECUTABLE_PATH}\" ]] && \\\n   [[ ! \"${UFW_OTHER_BUILT_PRODUCTS_DIR}/${EXECUTABLE_PATH}\" -nt \"${UFW_OTHER_BUILT_PRODUCTS_DIR}/${PRODUCT_NAME}.embeddedframework/${EXECUTABLE_PATH}\" ]]\nthen\n    exit 0\nfi\n\n\n# Clean other platform if needed\n\nif [[ ! -f \"${BUILT_PRODUCTS_DIR}/${EXECUTABLE_PATH}\" ]]\nthen\n\techo \"Platform \\\"$UFW_SDK_PLATFORM\\\" was cleaned recently. Cleaning \\\"$UFW_OTHER_PLATFORM\\\" as well\"\n\techo xcodebuild -project \"${PROJECT_FILE_PATH}\" -target \"${TARGET_NAME}\" -configuration \"${CONFIGURATION}\" -sdk ${UFW_OTHER_PLATFORM}${UFW_SDK_VERSION} BUILD_DIR=\"${BUILD_DIR}\" CONFIGURATION_TEMP_DIR=\"${PROJECT_TEMP_DIR}/${CONFIGURATION}-${UFW_OTHER_PLATFORM}\" clean\n\txcodebuild -project \"${PROJECT_FILE_PATH}\" -target \"${TARGET_NAME}\" -configuration \"${CONFIGURATION}\" -sdk ${UFW_OTHER_PLATFORM}${UFW_SDK_VERSION} BUILD_DIR=\"${BUILD_DIR}\" CONFIGURATION_TEMP_DIR=\"${PROJECT_TEMP_DIR}/${CONFIGURATION}-${UFW_OTHER_PLATFORM}\" clean\nfi\n\n\n# Make sure we are building from fresh binaries\n\nrm -rf \"${BUILT_PRODUCTS_DIR}/${EXECUTABLE_PATH}\"\nrm -rf \"${BUILT_PRODUCTS_DIR}/${PRODUCT_NAME}.embeddedframework\"\nrm -rf \"${UFW_OTHER_BUILT_PRODUCTS_DIR}/${EXECUTABLE_PATH}\"\nrm -rf \"${UFW_OTHER_BUILT_PRODUCTS_DIR}/${PRODUCT_NAME}.embeddedframework\"\n";
		};
		BCD6505F146426C800D10C93 /* ShellScript */ = {
			isa = PBXShellScriptBuildPhase;
			buildActionMask = 2147483647;
			files = (
			);
			inputPaths = (
			);
			outputPaths = (
			);
			runOnlyForDeploymentPostprocessing = 0;
			shellPath = /bin/sh;
			shellScript = "set -e\n\nset +u\nif [[ $UFW_MASTER_SCRIPT_RUNNING ]]\nthen\n    # Nothing for the slave script to do\n    exit 0\nfi\nset -u\nexport UFW_MASTER_SCRIPT_RUNNING=1\n\n\n# Functions\n\n## List files in the specified directory, storing to the specified array.\n#\n# @param $1 The path to list\n# @param $2 The name of the array to fill\n#\n##\nlist_files ()\n{\n    filelist=$(ls \"$1\")\n    while read line\n    do\n        eval \"$2[\\${#$2[*]}]=\\\"\\$line\\\"\"\n    done <<< \"$filelist\"\n}\n\n\n# Sanity check\n\nif [[ ! -f \"${BUILT_PRODUCTS_DIR}/${EXECUTABLE_PATH}\" ]]\nthen\n    echo \"Framework target \\\"${TARGET_NAME}\\\" had no source files to build from. Make sure your source files have the correct target membership\"\n    exit 1\nfi\n\n\n# Gather information\n\nif [[ \"$SDK_NAME\" =~ ([A-Za-z]+) ]]\nthen\n    UFW_SDK_PLATFORM=${BASH_REMATCH[1]}\nelse\n    echo \"Could not find platform name from SDK_NAME: $SDK_NAME\"\n    exit 1\nfi\n\nif [[ \"$SDK_NAME\" =~ ([0-9]+.*$) ]]\nthen\n    UFW_SDK_VERSION=${BASH_REMATCH[1]}\nelse\n    echo \"Could not find sdk version from SDK_NAME: $SDK_NAME\"\n    exit 1\nfi\n\nif [[ \"$UFW_SDK_PLATFORM\" = \"iphoneos\" ]]\nthen\n    UFW_OTHER_PLATFORM=iphonesimulator\nelse\n    UFW_OTHER_PLATFORM=iphoneos\nfi\n\nif [[ \"$BUILT_PRODUCTS_DIR\" =~ (.*)$UFW_SDK_PLATFORM$ ]]\nthen\n    UFW_OTHER_BUILT_PRODUCTS_DIR=\"${BASH_REMATCH[1]}${UFW_OTHER_PLATFORM}\"\nelse\n    echo \"Could not find $UFW_SDK_PLATFORM in $BUILT_PRODUCTS_DIR\"\n    exit 1\nfi\n\n\n# Short-circuit if all binaries are up to date.\n# We already checked the other platform in the prerun script.\n\nif [[ -f \"${BUILT_PRODUCTS_DIR}/${EXECUTABLE_PATH}\" ]] && [[ -f \"${BUILT_PRODUCTS_DIR}/${PRODUCT_NAME}.embeddedframework/${EXECUTABLE_PATH}\" ]] && [[ ! \"${BUILT_PRODUCTS_DIR}/${EXECUTABLE_PATH}\" -nt \"${BUILT_PRODUCTS_DIR}/${PRODUCT_NAME}.embeddedframework/${EXECUTABLE_PATH}\" ]]\nthen\n    exit 0\nfi\n\n\n# Make sure the other platform gets built\n\necho \"Build other platform\"\n\necho xcodebuild -project \"${PROJECT_FILE_PATH}\" -target \"${TARGET_NAME}\" -configuration \"${CONFIGURATION}\" -sdk ${UFW_OTHER_PLATFORM}${UFW_SDK_VERSION} BUILD_DIR=\"${BUILD_DIR}\" CONFIGURATION_TEMP_DIR=\"${PROJECT_TEMP_DIR}/${CONFIGURATION}-${UFW_OTHER_PLATFORM}\" $ACTION\nxcodebuild -project \"${PROJECT_FILE_PATH}\" -target \"${TARGET_NAME}\" -configuration \"${CONFIGURATION}\" -sdk ${UFW_OTHER_PLATFORM}${UFW_SDK_VERSION} BUILD_DIR=\"${BUILD_DIR}\" CONFIGURATION_TEMP_DIR=\"${PROJECT_TEMP_DIR}/${CONFIGURATION}-${UFW_OTHER_PLATFORM}\" $ACTION\n\n\n# Build the fat static library binary\n\necho \"Create universal static library\"\n\necho \"$PLATFORM_DEVELOPER_BIN_DIR/libtool\" -static \"${BUILT_PRODUCTS_DIR}/${EXECUTABLE_PATH}\" \"${UFW_OTHER_BUILT_PRODUCTS_DIR}/${EXECUTABLE_PATH}\" -o \"${BUILT_PRODUCTS_DIR}/${EXECUTABLE_PATH}.temp\"\n\"$PLATFORM_DEVELOPER_BIN_DIR/libtool\" -static \"${BUILT_PRODUCTS_DIR}/${EXECUTABLE_PATH}\" \"${UFW_OTHER_BUILT_PRODUCTS_DIR}/${EXECUTABLE_PATH}\" -o \"${BUILT_PRODUCTS_DIR}/${EXECUTABLE_PATH}.temp\"\n\necho mv \"${BUILT_PRODUCTS_DIR}/${EXECUTABLE_PATH}.temp\" \"${BUILT_PRODUCTS_DIR}/${EXECUTABLE_PATH}\"\nmv \"${BUILT_PRODUCTS_DIR}/${EXECUTABLE_PATH}.temp\" \"${BUILT_PRODUCTS_DIR}/${EXECUTABLE_PATH}\"\n\n\n# Build framework structure\n\necho \"Build symlinks\"\n\necho ln -sf A \"${BUILT_PRODUCTS_DIR}/${WRAPPER_NAME}/Versions/Current\"\nln -sf A \"${BUILT_PRODUCTS_DIR}/${WRAPPER_NAME}/Versions/Current\"\necho ln -sf Versions/Current/Headers \"${BUILT_PRODUCTS_DIR}/${WRAPPER_NAME}/Headers\"\nln -sf Versions/Current/Headers \"${BUILT_PRODUCTS_DIR}/${WRAPPER_NAME}/Headers\"\necho ln -sf Versions/Current/Resources \"${BUILT_PRODUCTS_DIR}/${WRAPPER_NAME}/Resources\"\nln -sf Versions/Current/Resources \"${BUILT_PRODUCTS_DIR}/${WRAPPER_NAME}/Resources\"\necho ln -sf \"Versions/Current/${EXECUTABLE_NAME}\" \"${BUILT_PRODUCTS_DIR}/${WRAPPER_NAME}/${EXECUTABLE_NAME}\"\nln -sf \"Versions/Current/${EXECUTABLE_NAME}\" \"${BUILT_PRODUCTS_DIR}/${WRAPPER_NAME}/${EXECUTABLE_NAME}\"\n\n\n# Link to binary for unit tests\n\nmkdir -p \"${BUILT_PRODUCTS_DIR}/.fake_fw_testing.framework\"\nln -sf \"../${WRAPPER_NAME}/${EXECUTABLE_NAME}\" \"${BUILT_PRODUCTS_DIR}/.fake_fw_testing.framework/.fake_fw_testing\"\n\n\n# Build embedded framework structure\n\necho \"Build Embedded Framework\"\n\necho rm -rf \"${BUILT_PRODUCTS_DIR}/${PRODUCT_NAME}.embeddedframework\"\nrm -rf \"${BUILT_PRODUCTS_DIR}/${PRODUCT_NAME}.embeddedframework\"\necho mkdir -p \"${BUILT_PRODUCTS_DIR}/${PRODUCT_NAME}.embeddedframework/Resources\"\nmkdir -p \"${BUILT_PRODUCTS_DIR}/${PRODUCT_NAME}.embeddedframework/Resources\"\necho cp -a \"${BUILT_PRODUCTS_DIR}/${WRAPPER_NAME}\" \"${BUILT_PRODUCTS_DIR}/${PRODUCT_NAME}.embeddedframework/\"\ncp -a \"${BUILT_PRODUCTS_DIR}/${WRAPPER_NAME}\" \"${BUILT_PRODUCTS_DIR}/${PRODUCT_NAME}.embeddedframework/\"\n\ndeclare -a UFW_FILE_LIST\nlist_files \"${BUILT_PRODUCTS_DIR}/${UNLOCALIZED_RESOURCES_FOLDER_PATH}\" UFW_FILE_LIST\nfor filename in \"${UFW_FILE_LIST[@]}\"\ndo\n    if [[ \"${filename}\" != \"Info.plist\" ]] && [[ ! \"${filename}\" =~ .*\\.lproj$ ]]\n    then\n        echo ln -sf \"../${WRAPPER_NAME}/Resources/${filename}\" \"${BUILT_PRODUCTS_DIR}/${PRODUCT_NAME}.embeddedframework/Resources/${filename}\"\n        ln -sf \"../${WRAPPER_NAME}/Resources/${filename}\" \"${BUILT_PRODUCTS_DIR}/${PRODUCT_NAME}.embeddedframework/Resources/${filename}\"\n    fi\ndone\n\n\n# Replace other platform's framework with a copy of this one (so that both have the same universal binary)\n\necho \"Copy from $UFW_SDK_PLATFORM to $UFW_OTHER_PLATFORM\"\n\necho rm -rf \"${BUILD_DIR}/${CONFIGURATION}-${UFW_OTHER_PLATFORM}\"\nrm -rf \"${BUILD_DIR}/${CONFIGURATION}-${UFW_OTHER_PLATFORM}\"\necho cp -a \"${BUILD_DIR}/${CONFIGURATION}-${UFW_SDK_PLATFORM}\" \"${BUILD_DIR}/${CONFIGURATION}-${UFW_OTHER_PLATFORM}\"\ncp -a \"${BUILD_DIR}/${CONFIGURATION}-${UFW_SDK_PLATFORM}\" \"${BUILD_DIR}/${CONFIGURATION}-${UFW_OTHER_PLATFORM}\"\n";
		};
/* End PBXShellScriptBuildPhase section */

/* Begin PBXSourcesBuildPhase section */
		BCD6505B146426C800D10C93 /* Sources */ = {
			isa = PBXSourcesBuildPhase;
			buildActionMask = 2147483647;
			files = (
				BCD650711464271E00D10C93 /* BMSocialShare.m in Sources */,
				BCD6509A146428B200D10C93 /* NSObject+SBJSON.m in Sources */,
				BCD6509C146428B200D10C93 /* NSString+SBJSON.m in Sources */,
				BCD6509E146428B200D10C93 /* SBJSON.m in Sources */,
				BCD650A0146428B200D10C93 /* SBJsonBase.m in Sources */,
				BCD650A2146428B200D10C93 /* SBJsonParser.m in Sources */,
				BCD650A4146428B200D10C93 /* SBJsonWriter.m in Sources */,
				BCD650A5146428B200D10C93 /* Facebook.m in Sources */,
				BCD650A6146428B200D10C93 /* FBDialog.m in Sources */,
				BCD650A7146428B200D10C93 /* FBLoginDialog.m in Sources */,
				BCD650A8146428B200D10C93 /* FBRequest.m in Sources */,
				BC8712C214656E03007DF497 /* BMFacebookPost.m in Sources */,
				BC7F2EAB14B886E400DA9B6D /* BMDialog.m in Sources */,
			);
			runOnlyForDeploymentPostprocessing = 0;
		};
/* End PBXSourcesBuildPhase section */

/* Begin XCBuildConfiguration section */
		BCD6506A146426C800D10C93 /* Debug */ = {
			isa = XCBuildConfiguration;
			buildSettings = {
				ALWAYS_SEARCH_USER_PATHS = NO;
				ARCHS = "$(ARCHS_STANDARD_32_BIT)";
				CLANG_ENABLE_OBJC_ARC = NO;
				COPY_PHASE_STRIP = NO;
				GCC_C_LANGUAGE_STANDARD = gnu99;
				GCC_DYNAMIC_NO_PIC = NO;
				GCC_OPTIMIZATION_LEVEL = 0;
				GCC_PREPROCESSOR_DEFINITIONS = (
					"DEBUG=1",
					"$(inherited)",
				);
				GCC_SYMBOLS_PRIVATE_EXTERN = NO;
				GCC_VERSION = com.apple.compilers.llvm.clang.1_0;
				GCC_WARN_ABOUT_MISSING_PROTOTYPES = YES;
				GCC_WARN_ABOUT_RETURN_TYPE = YES;
				GCC_WARN_UNUSED_VARIABLE = YES;
				HEADER_SEARCH_PATHS = "../facebook-ios-sdk/src/**";
				IPHONEOS_DEPLOYMENT_TARGET = 4.0;
				SDKROOT = iphoneos;
			};
			name = Debug;
		};
		BCD6506B146426C800D10C93 /* Release */ = {
			isa = XCBuildConfiguration;
			buildSettings = {
				ALWAYS_SEARCH_USER_PATHS = NO;
				ARCHS = "$(ARCHS_STANDARD_32_BIT)";
				CLANG_ENABLE_OBJC_ARC = NO;
				COPY_PHASE_STRIP = YES;
				GCC_C_LANGUAGE_STANDARD = gnu99;
				GCC_VERSION = com.apple.compilers.llvm.clang.1_0;
				GCC_WARN_ABOUT_MISSING_PROTOTYPES = YES;
				GCC_WARN_ABOUT_RETURN_TYPE = YES;
				GCC_WARN_UNUSED_VARIABLE = YES;
				HEADER_SEARCH_PATHS = "../facebook-ios-sdk/src/**";
				IPHONEOS_DEPLOYMENT_TARGET = 4.0;
				SDKROOT = iphoneos;
				VALIDATE_PRODUCT = YES;
			};
			name = Release;
		};
		BCD6506D146426C800D10C93 /* Debug */ = {
			isa = XCBuildConfiguration;
			buildSettings = {
				CONTENTS_FOLDER_PATH = "$(WRAPPER_NAME)/Versions/$(FRAMEWORK_VERSION)";
				DEAD_CODE_STRIPPING = NO;
				DEPLOYMENT_POSTPROCESSING = YES;
				DYLIB_COMPATIBILITY_VERSION = 1;
				DYLIB_CURRENT_VERSION = 1;
				FRAMEWORK_VERSION = A;
				GCC_PRECOMPILE_PREFIX_HEADER = YES;
				GCC_PREFIX_HEADER = "BMSocialShare/BMSocialShare-Prefix.pch";
				INFOPLIST_FILE = "BMSocialShare/BMSocialShare-Info.plist";
				INFOPLIST_PATH = "$(UNLOCALIZED_RESOURCES_FOLDER_PATH)/Info.plist";
				INSTALL_PATH = "$(BUILT_PRODUCTS_DIR)";
				LINK_WITH_STANDARD_LIBRARIES = NO;
				MACH_O_TYPE = mh_object;
				PRODUCT_NAME = "$(TARGET_NAME)";
				SKIP_INSTALL = YES;
				UNLOCALIZED_RESOURCES_FOLDER_PATH = "$(CONTENTS_FOLDER_PATH)/Resources";
				WRAPPER_EXTENSION = framework;
			};
			name = Debug;
		};
		BCD6506E146426C800D10C93 /* Release */ = {
			isa = XCBuildConfiguration;
			buildSettings = {
				CONTENTS_FOLDER_PATH = "$(WRAPPER_NAME)/Versions/$(FRAMEWORK_VERSION)";
				DEAD_CODE_STRIPPING = NO;
				DEPLOYMENT_POSTPROCESSING = YES;
				DYLIB_COMPATIBILITY_VERSION = 1;
				DYLIB_CURRENT_VERSION = 1;
				FRAMEWORK_VERSION = A;
				GCC_PRECOMPILE_PREFIX_HEADER = YES;
				GCC_PREFIX_HEADER = "BMSocialShare/BMSocialShare-Prefix.pch";
				INFOPLIST_FILE = "BMSocialShare/BMSocialShare-Info.plist";
				INFOPLIST_PATH = "$(UNLOCALIZED_RESOURCES_FOLDER_PATH)/Info.plist";
				INSTALL_PATH = "$(BUILT_PRODUCTS_DIR)";
				LINK_WITH_STANDARD_LIBRARIES = NO;
				MACH_O_TYPE = mh_object;
				PRODUCT_NAME = "$(TARGET_NAME)";
				SKIP_INSTALL = YES;
				UNLOCALIZED_RESOURCES_FOLDER_PATH = "$(CONTENTS_FOLDER_PATH)/Resources";
				WRAPPER_EXTENSION = framework;
			};
			name = Release;
		};
/* End XCBuildConfiguration section */

/* Begin XCConfigurationList section */
		BCD65058146426C700D10C93 /* Build configuration list for PBXProject "BMSocialShare" */ = {
			isa = XCConfigurationList;
			buildConfigurations = (
				BCD6506A146426C800D10C93 /* Debug */,
				BCD6506B146426C800D10C93 /* Release */,
			);
			defaultConfigurationIsVisible = 0;
			defaultConfigurationName = Release;
		};
		BCD6506C146426C800D10C93 /* Build configuration list for PBXNativeTarget "BMSocialShare" */ = {
			isa = XCConfigurationList;
			buildConfigurations = (
				BCD6506D146426C800D10C93 /* Debug */,
				BCD6506E146426C800D10C93 /* Release */,
			);
			defaultConfigurationIsVisible = 0;
			defaultConfigurationName = Release;
		};
/* End XCConfigurationList section */
	};
	rootObject = BCD65055146426C700D10C93 /* Project object */;
}
